
Microsoft Visual Studio Solution File, Format Version 12.00
# Visual Studio Version 17
VisualStudioVersion = 17.1.32319.34
MinimumVisualStudioVersion = 10.0.40219.1
Project("{9A19103F-16F7-4668-BE54-9A1E7A4F7556}") = "RandomGuid.Service", "RandomGuid.Service.csproj", "{A72BE777-0249-4DD3-9B79-5DD7B0F0FD5F}"
EndProject
Project("{9A19103F-16F7-4668-BE54-9A1E7A4F7556}") = "RandomGuid.Web", "..\RandomGuid.Web\RandomGuid.Web.csproj", "{5FE6B7BE-DA1C-41E8-8751-15C8D0006108}"
EndProject
Global
	GlobalSection(SolutionConfigurationPlatforms) = preSolution
		Debug|Any CPU = Debug|Any CPU
		Release|Any CPU = Release|Any CPU
	EndGlobalSection
	GlobalSection(ProjectConfigurationPlatforms) = postSolution
		{A72BE777-0249-4DD3-9B79-5DD7B0F0FD5F}.Debug|Any CPU.ActiveCfg = Debug|Any CPU
		{A72BE777-0249-4DD3-9B79-5DD7B0F0FD5F}.Debug|Any CPU.Build.0 = Debug|Any CPU
		{A72BE777-0249-4DD3-9B79-5DD7B0F0FD5F}.Release|Any CPU.ActiveCfg = Release|Any CPU
		{A72BE777-0249-4DD3-9B79-5DD7B0F0FD5F}.Release|Any CPU.Build.0 = Release|Any CPU
		{5FE6B7BE-DA1C-41E8-8751-15C8D0006108}.Debug|Any CPU.ActiveCfg = Debug|Any CPU
		{5FE6B7BE-DA1C-41E8-8751-15C8D0006108}.Debug|Any CPU.Build.0 = Debug|Any CPU
		{5FE6B7BE-DA1C-41E8-8751-15C8D0006108}.Release|Any CPU.ActiveCfg = Release|Any CPU
		{5FE6B7BE-DA1C-41E8-8751-15C8D0006108}.Release|Any CPU.Build.0 = Release|Any CPU
	EndGlobalSection
	GlobalSection(SolutionProperties) = preSolution
		HideSolutionNode = FALSE
	EndGlobalSection
	GlobalSection(ExtensibilityGlobals) = postSolution
		SolutionGuid = {17AC52B1-CE3E-49ED-96C6-80738DB60DE6}
	EndGlobalSection
EndGlobal
